{
  "originHash" : "238892561e66fb72ac311e37b6210f68d3b1d1c08049b1fc6e198eae8c1e9bf5",
  "pins" : [
    {
      "identity" : "networkimage",
      "kind" : "remoteSourceControl",
      "location" : "https://github.com/gonzalezreal/NetworkImage",
      "state" : {
        "revision" : "2849f5323265386e200484b0d0f896e73c3411b9",
        "version" : "6.0.1"
      }
    },
    {
      "identity" : "objc-runtime-tools",
      "kind" : "remoteSourceControl",
      "location" : "https://github.com/davdroman/objc-runtime-tools",
      "state" : {
        "revision" : "d9e3aa914fbe37eb9328505507deab618548873f",
        "version" : "0.2.0"
      }
    },
    {
      "identity" : "plaid-link-ios-spm",
      "kind" : "remoteSourceControl",
      "location" : "https://github.com/plaid/plaid-link-ios-spm.git",
      "state" : {
        "revision" : "9e18e24ae41caf8dd457df93f74f8a15add20098",
        "version" : "6.4.2"
      }
    },
    {
      "identity" : "swift-cmark",
      "kind" : "remoteSourceControl",
      "location" : "https://github.com/swiftlang/swift-cmark",
      "state" : {
        "revision" : "5d9bdaa4228b381639fff09403e39a04926e2dbe",
        "version" : "0.7.1"
      }
    },
    {
      "identity" : "swift-markdown-ui",
      "kind" : "remoteSourceControl",
      "location" : "https://github.com/gonzalezreal/swift-markdown-ui",
      "state" : {
        "revision" : "5f613358148239d0292c0cef674a3c2314737f9e",
        "version" : "2.4.1"
      }
    },
    {
      "identity" : "swift-once-macro",
      "kind" : "remoteSourceControl",
      "location" : "https://github.com/davdroman/swift-once-macro",
      "state" : {
        "revision" : "d7c66418a3a22588decd8faafca13bed72ee0421",
        "version" : "1.0.1"
      }
    },
    {
      "identity" : "swift-syntax",
      "kind" : "remoteSourceControl",
      "location" : "https://github.com/swiftlang/swift-syntax",
      "state" : {
        "revision" : "4799286537280063c85a32f09884cfbca301b1a1",
        "version" : "602.0.0"
      }
    },
    {
      "identity" : "swiftui-introspect",
      "kind" : "remoteSourceControl",
      "location" : "https://github.com/siteline/swiftui-introspect",
      "state" : {
        "revision" : "a08b87f96b41055577721a6e397562b21ad52454",
        "version" : "26.0.0"
      }
    },
    {
      "identity" : "swiftui-navigation-transitions",
      "kind" : "remoteSourceControl",
      "location" : "https://github.com/davdroman/swiftui-navigation-transitions",
      "state" : {
        "revision" : "e2f0234ce42fed0f41c129717f06dc2fb5308c0a",
        "version" : "0.16.1"
      }
    },
    {
      "identity" : "xctest-dynamic-overlay",
      "kind" : "remoteSourceControl",
      "location" : "https://github.com/pointfreeco/xctest-dynamic-overlay",
      "state" : {
        "revision" : "4c27acf5394b645b70d8ba19dc249c0472d5f618",
        "version" : "1.7.0"
      }
    }
  ],
  "version" : 3
}
